
Microsoft Visual Studio Solution File, Format Version 12.00
# Visual Studio 15
Project("{FAE04EC0-301F-11D3-BF4B-00C04F79EFBC}") = "RendererExample.Android", "RendererExample.Android\RendererExample.Android.csproj", "{C75B87A6-D816-45AA-96E2-33DB97A9EF6C}"
EndProject
Project("{FAE04EC0-301F-11D3-BF4B-00C04F79EFBC}") = "RendererExample.iOS", "RendererExample.iOS\RendererExample.iOS.csproj", "{63FCDC66-D661-4A11-97D4-0F80CF967061}"
EndProject
Project("{D954291E-2A0B-460D-934E-DC6B0785DB48}") = "RendererExample", "RendererExample\RendererExample.shproj", "{48C717E8-DBC0-4609-94C5-DC310D5568E1}"
EndProject
Global
	GlobalSection(SolutionConfigurationPlatforms) = preSolution
		Debug|Any CPU = Debug|Any CPU
		Release|Any CPU = Release|Any CPU
		Debug|iPhoneSimulator = Debug|iPhoneSimulator
		Release|iPhoneSimulator = Release|iPhoneSimulator
		Debug|iPhone = Debug|iPhone
		Release|iPhone = Release|iPhone
	EndGlobalSection
	GlobalSection(ProjectConfigurationPlatforms) = postSolution
		{C75B87A6-D816-45AA-96E2-33DB97A9EF6C}.Debug|Any CPU.ActiveCfg = Debug|Any CPU
		{C75B87A6-D816-45AA-96E2-33DB97A9EF6C}.Debug|Any CPU.Build.0 = Debug|Any CPU
		{C75B87A6-D816-45AA-96E2-33DB97A9EF6C}.Release|Any CPU.ActiveCfg = Release|Any CPU
		{C75B87A6-D816-45AA-96E2-33DB97A9EF6C}.Release|Any CPU.Build.0 = Release|Any CPU
		{C75B87A6-D816-45AA-96E2-33DB97A9EF6C}.Debug|iPhoneSimulator.ActiveCfg = Debug|Any CPU
		{C75B87A6-D816-45AA-96E2-33DB97A9EF6C}.Debug|iPhoneSimulator.Build.0 = Debug|Any CPU
		{C75B87A6-D816-45AA-96E2-33DB97A9EF6C}.Release|iPhoneSimulator.ActiveCfg = Release|Any CPU
		{C75B87A6-D816-45AA-96E2-33DB97A9EF6C}.Release|iPhoneSimulator.Build.0 = Release|Any CPU
		{C75B87A6-D816-45AA-96E2-33DB97A9EF6C}.Debug|iPhone.ActiveCfg = Debug|Any CPU
		{C75B87A6-D816-45AA-96E2-33DB97A9EF6C}.Debug|iPhone.Build.0 = Debug|Any CPU
		{C75B87A6-D816-45AA-96E2-33DB97A9EF6C}.Release|iPhone.ActiveCfg = Release|Any CPU
		{C75B87A6-D816-45AA-96E2-33DB97A9EF6C}.Release|iPhone.Build.0 = Release|Any CPU
		{63FCDC66-D661-4A11-97D4-0F80CF967061}.Debug|Any CPU.ActiveCfg = Debug|iPhoneSimulator
		{63FCDC66-D661-4A11-97D4-0F80CF967061}.Debug|Any CPU.Build.0 = Debug|iPhoneSimulator
		{63FCDC66-D661-4A11-97D4-0F80CF967061}.Release|Any CPU.ActiveCfg = Release|iPhoneSimulator
		{63FCDC66-D661-4A11-97D4-0F80CF967061}.Release|Any CPU.Build.0 = Release|iPhoneSimulator
		{63FCDC66-D661-4A11-97D4-0F80CF967061}.Debug|iPhoneSimulator.ActiveCfg = Debug|iPhoneSimulator
		{63FCDC66-D661-4A11-97D4-0F80CF967061}.Debug|iPhoneSimulator.Build.0 = Debug|iPhoneSimulator
		{63FCDC66-D661-4A11-97D4-0F80CF967061}.Release|iPhoneSimulator.ActiveCfg = Release|iPhoneSimulator
		{63FCDC66-D661-4A11-97D4-0F80CF967061}.Release|iPhoneSimulator.Build.0 = Release|iPhoneSimulator
		{63FCDC66-D661-4A11-97D4-0F80CF967061}.Debug|iPhone.ActiveCfg = Debug|iPhone
		{63FCDC66-D661-4A11-97D4-0F80CF967061}.Debug|iPhone.Build.0 = Debug|iPhone
		{63FCDC66-D661-4A11-97D4-0F80CF967061}.Release|iPhone.ActiveCfg = Release|iPhone
		{63FCDC66-D661-4A11-97D4-0F80CF967061}.Release|iPhone.Build.0 = Release|iPhone
	EndGlobalSection
EndGlobal
